
Microsoft Visual Studio Solution File, Format Version 12.00
# Visual Studio 2012
Project("{FAE04EC0-301F-11D3-BF4B-00C04F79EFBC}") = "maple", "Login\maple.csproj", "{8A640127-131E-47EE-BF58-826ECCF82E94}"
EndProject
Project("{2150E333-8FDC-42A3-9474-1A3956D46DE8}") = "Solution Items", "Solution Items", "{1F96D970-7C98-43CE-B228-B5B25F8F3B64}"
EndProject
Global
	GlobalSection(SolutionConfigurationPlatforms) = preSolution
		Debug|Any CPU = Debug|Any CPU
		Release|Any CPU = Release|Any CPU
	EndGlobalSection
	GlobalSection(ProjectConfigurationPlatforms) = postSolution
		{8A640127-131E-47EE-BF58-826ECCF82E94}.Debug|Any CPU.ActiveCfg = Debug|Any CPU
		{8A640127-131E-47EE-BF58-826ECCF82E94}.Debug|Any CPU.Build.0 = Debug|Any CPU
		{8A640127-131E-47EE-BF58-826ECCF82E94}.Release|Any CPU.ActiveCfg = Release|Any CPU
		{8A640127-131E-47EE-BF58-826ECCF82E94}.Release|Any CPU.Build.0 = Release|Any CPU
	EndGlobalSection
	GlobalSection(SolutionProperties) = preSolution
		HideSolutionNode = FALSE
	EndGlobalSection
EndGlobal
